
Microsoft Visual Studio Solution File, Format Version 12.00
# Visual Studio Version 17
VisualStudioVersion = 17.5.002.0
MinimumVisualStudioVersion = 10.0.40219.1
Project("{9A19103F-16F7-4668-BE54-9A1E7A4F7556}") = "GerenciaEventos", "GerenciaEventos.csproj", "{DDD33F2D-7F87-45FE-9450-2728ABEEECDC}"
EndProject
Project("{2150E333-8FDC-42A3-9474-1A3956D46DE8}") = "src", "src", "{D3503204-80C1-43A4-8EB7-A4F4D92800C7}"
EndProject
Project("{2150E333-8FDC-42A3-9474-1A3956D46DE8}") = "presentation", "presentation", "{6541A20A-D12C-4EA8-BE38-C8C5BE9DCDA4}"
EndProject
Project("{9A19103F-16F7-4668-BE54-9A1E7A4F7556}") = "GerenciaEventos.WebApi", "src\presentation\GerenciaEventos.WebApi\GerenciaEventos.WebApi.csproj", "{05F880EB-43FC-4B8E-BB18-E43002DD8730}"
EndProject
Global
	GlobalSection(SolutionConfigurationPlatforms) = preSolution
		Debug|Any CPU = Debug|Any CPU
		Release|Any CPU = Release|Any CPU
	EndGlobalSection
	GlobalSection(ProjectConfigurationPlatforms) = postSolution
		{DDD33F2D-7F87-45FE-9450-2728ABEEECDC}.Debug|Any CPU.ActiveCfg = Debug|Any CPU
		{DDD33F2D-7F87-45FE-9450-2728ABEEECDC}.Debug|Any CPU.Build.0 = Debug|Any CPU
		{DDD33F2D-7F87-45FE-9450-2728ABEEECDC}.Release|Any CPU.ActiveCfg = Release|Any CPU
		{DDD33F2D-7F87-45FE-9450-2728ABEEECDC}.Release|Any CPU.Build.0 = Release|Any CPU
		{05F880EB-43FC-4B8E-BB18-E43002DD8730}.Debug|Any CPU.ActiveCfg = Debug|Any CPU
		{05F880EB-43FC-4B8E-BB18-E43002DD8730}.Debug|Any CPU.Build.0 = Debug|Any CPU
		{05F880EB-43FC-4B8E-BB18-E43002DD8730}.Release|Any CPU.ActiveCfg = Release|Any CPU
		{05F880EB-43FC-4B8E-BB18-E43002DD8730}.Release|Any CPU.Build.0 = Release|Any CPU
	EndGlobalSection
	GlobalSection(SolutionProperties) = preSolution
		HideSolutionNode = FALSE
	EndGlobalSection
	GlobalSection(NestedProjects) = preSolution
		{6541A20A-D12C-4EA8-BE38-C8C5BE9DCDA4} = {D3503204-80C1-43A4-8EB7-A4F4D92800C7}
		{05F880EB-43FC-4B8E-BB18-E43002DD8730} = {6541A20A-D12C-4EA8-BE38-C8C5BE9DCDA4}
	EndGlobalSection
	GlobalSection(ExtensibilityGlobals) = postSolution
		SolutionGuid = {B31DFE0A-68CB-4951-9BF9-FAAFBF444A70}
	EndGlobalSection
EndGlobal
